// !$*UTF8*$!
{
	archiveVersion = 1;
	classes = {
	};
	objectVersion = 46;
	objects = {

/* Begin PBXBuildFile section */
		2D0F231E1F15A8630073D8CA /* AppDelegate.swift in Sources */ = {isa = PBXBuildFile; fileRef = 2D0F231D1F15A8630073D8CA /* AppDelegate.swift */; };
		2D0F23201F15A8630073D8CA /* ViewController.swift in Sources */ = {isa = PBXBuildFile; fileRef = 2D0F231F1F15A8630073D8CA /* ViewController.swift */; };
		2D0F23221F15A8630073D8CA /* Assets.xcassets in Resources */ = {isa = PBXBuildFile; fileRef = 2D0F23211F15A8630073D8CA /* Assets.xcassets */; };
		2D0F23251F15A8630073D8CA /* Main.storyboard in Resources */ = {isa = PBXBuildFile; fileRef = 2D0F23231F15A8630073D8CA /* Main.storyboard */; };
		2D0F23301F15A8630073D8CA /* Table4TwoTests.swift in Sources */ = {isa = PBXBuildFile; fileRef = 2D0F232F1F15A8630073D8CA /* Table4TwoTests.swift */; };
		2D0F233B1F15A8630073D8CA /* Table4TwoUITests.swift in Sources */ = {isa = PBXBuildFile; fileRef = 2D0F233A1F15A8630073D8CA /* Table4TwoUITests.swift */; };
/* End PBXBuildFile section */

/* Begin PBXContainerItemProxy section */
		2D0F232C1F15A8630073D8CA /* PBXContainerItemProxy */ = {
			isa = PBXContainerItemProxy;
			containerPortal = 2D0F23121F15A8630073D8CA /* Project object */;
			proxyType = 1;
			remoteGlobalIDString = 2D0F23191F15A8630073D8CA;
			remoteInfo = Table4Two;
		};
		2D0F23371F15A8630073D8CA /* PBXContainerItemProxy */ = {
			isa = PBXContainerItemProxy;
			containerPortal = 2D0F23121F15A8630073D8CA /* Project object */;
			proxyType = 1;
			remoteGlobalIDString = 2D0F23191F15A8630073D8CA;
			remoteInfo = Table4Two;
		};
/* End PBXContainerItemProxy section */

/* Begin PBXFileReference section */
		2D0F231A1F15A8630073D8CA /* Table4Two.app */ = {isa = PBXFileReference; explicitFileType = wrapper.application; includeInIndex = 0; path = Table4Two.app; sourceTree = BUILT_PRODUCTS_DIR; };
		2D0F231D1F15A8630073D8CA /* AppDelegate.swift */ = {isa = PBXFileReference; lastKnownFileType = sourcecode.swift; path = AppDelegate.swift; sourceTree = "<group>"; };
		2D0F231F1F15A8630073D8CA /* ViewController.swift */ = {isa = PBXFileReference; lastKnownFileType = sourcecode.swift; path = ViewController.swift; sourceTree = "<group>"; };
		2D0F23211F15A8630073D8CA /* Assets.xcassets */ = {isa = PBXFileReference; lastKnownFileType = folder.assetcatalog; path = Assets.xcassets; sourceTree = "<group>"; };
		2D0F23241F15A8630073D8CA /* Base */ = {isa = PBXFileReference; lastKnownFileType = file.storyboard; name = Base; path = Base.lproj/Main.storyboard; sourceTree = "<group>"; };
		2D0F23261F15A8630073D8CA /* Info.plist */ = {isa = PBXFileReference; lastKnownFileType = text.plist.xml; path = Info.plist; sourceTree = "<group>"; };
		2D0F232B1F15A8630073D8CA /* Table4TwoTests.xctest */ = {isa = PBXFileReference; explicitFileType = wrapper.cfbundle; includeInIndex = 0; path = Table4TwoTests.xctest; sourceTree = BUILT_PRODUCTS_DIR; };
		2D0F232F1F15A8630073D8CA /* Table4TwoTests.swift */ = {isa = PBXFileReference; lastKnownFileType = sourcecode.swift; path = Table4TwoTests.swift; sourceTree = "<group>"; };
		2D0F23311F15A8630073D8CA /* Info.plist */ = {isa = PBXFileReference; lastKnownFileType = text.plist.xml; path = Info.plist; sourceTree = "<group>"; };
		2D0F23361F15A8630073D8CA /* Table4TwoUITests.xctest */ = {isa = PBXFileReference; explicitFileType = wrapper.cfbundle; includeInIndex = 0; path = Table4TwoUITests.xctest; sourceTree = BUILT_PRODUCTS_DIR; };
		2D0F233A1F15A8630073D8CA /* Table4TwoUITests.swift */ = {isa = PBXFileReference; lastKnownFileType = sourcecode.swift; path = Table4TwoUITests.swift; sourceTree = "<group>"; };
		2D0F233C1F15A8630073D8CA /* Info.plist */ = {isa = PBXFileReference; lastKnownFileType = text.plist.xml; path = Info.plist; sourceTree = "<group>"; };
/* End PBXFileReference section */

/* Begin PBXFrameworksBuildPhase section */
		2D0F23171F15A8630073D8CA /* Frameworks */ = {
			isa = PBXFrameworksBuildPhase;
			buildActionMask = 2147483647;
			files = (
			);
			runOnlyForDeploymentPostprocessing = 0;
		};
		2D0F23281F15A8630073D8CA /* Frameworks */ = {
			isa = PBXFrameworksBuildPhase;
			buildActionMask = 2147483647;
			files = (
			);
			runOnlyForDeploymentPostprocessing = 0;
		};
		2D0F23331F15A8630073D8CA /* Frameworks */ = {
			isa = PBXFrameworksBuildPhase;
			buildActionMask = 2147483647;
			files = (
			);
			runOnlyForDeploymentPostprocessing = 0;
		};
/* End PBXFrameworksBuildPhase section */

/* Begin PBXGroup section */
		2D0F23111F15A8630073D8CA = {
			isa = PBXGroup;
			children = (
				2D0F231C1F15A8630073D8CA /* Table4Two */,
				2D0F232E1F15A8630073D8CA /* Table4TwoTests */,
				2D0F23391F15A8630073D8CA /* Table4TwoUITests */,
				2D0F231B1F15A8630073D8CA /* Products */,
			);
			sourceTree = "<group>";
		};
		2D0F231B1F15A8630073D8CA /* Products */ = {
			isa = PBXGroup;
			children = (
				2D0F231A1F15A8630073D8CA /* Table4Two.app */,
				2D0F232B1F15A8630073D8CA /* Table4TwoTests.xctest */,
				2D0F23361F15A8630073D8CA /* Table4TwoUITests.xctest */,
			);
			name = Products;
			sourceTree = "<group>";
		};
		2D0F231C1F15A8630073D8CA /* Table4Two */ = {
			isa = PBXGroup;
			children = (
				2D0F231D1F15A8630073D8CA /* AppDelegate.swift */,
				2D0F231F1F15A8630073D8CA /* ViewController.swift */,
				2D0F23211F15A8630073D8CA /* Assets.xcassets */,
				2D0F23231F15A8630073D8CA /* Main.storyboard */,
				2D0F23261F15A8630073D8CA /* Info.plist */,
			);
			path = Table4Two;
			sourceTree = "<group>";
		};
		2D0F232E1F15A8630073D8CA /* Table4TwoTests */ = {
			isa = PBXGroup;
			children = (
				2D0F232F1F15A8630073D8CA /* Table4TwoTests.swift */,
				2D0F23311F15A8630073D8CA /* Info.plist */,
			);
			path = Table4TwoTests;
			sourceTree = "<group>";
		};
		2D0F23391F15A8630073D8CA /* Table4TwoUITests */ = {
			isa = PBXGroup;
			children = (
				2D0F233A1F15A8630073D8CA /* Table4TwoUITests.swift */,
				2D0F233C1F15A8630073D8CA /* Info.plist */,
			);
			path = Table4TwoUITests;
			sourceTree = "<group>";
		};
/* End PBXGroup section */

/* Begin PBXNativeTarget section */
		2D0F23191F15A8630073D8CA /* Table4Two */ = {
			isa = PBXNativeTarget;
			buildConfigurationList = 2D0F233F1F15A8630073D8CA /* Build configuration list for PBXNativeTarget "Table4Two" */;
			buildPhases = (
				2D0F23161F15A8630073D8CA /* Sources */,
				2D0F23171F15A8630073D8CA /* Frameworks */,
				2D0F23181F15A8630073D8CA /* Resources */,
			);
			buildRules = (
			);
			dependencies = (
			);
			name = Table4Two;
			productName = Table4Two;
			productReference = 2D0F231A1F15A8630073D8CA /* Table4Two.app */;
			productType = "com.apple.product-type.application";
		};
		2D0F232A1F15A8630073D8CA /* Table4TwoTests */ = {
			isa = PBXNativeTarget;
			buildConfigurationList = 2D0F23421F15A8630073D8CA /* Build configuration list for PBXNativeTarget "Table4TwoTests" */;
			buildPhases = (
				2D0F23271F15A8630073D8CA /* Sources */,
				2D0F23281F15A8630073D8CA /* Frameworks */,
				2D0F23291F15A8630073D8CA /* Resources */,
			);
			buildRules = (
			);
			dependencies = (
				2D0F232D1F15A8630073D8CA /* PBXTargetDependency */,
			);
			name = Table4TwoTests;
			productName = Table4TwoTests;
			productReference = 2D0F232B1F15A8630073D8CA /* Table4TwoTests.xctest */;
			productType = "com.apple.product-type.bundle.unit-test";
		};
		2D0F23351F15A8630073D8CA /* Table4TwoUITests */ = {
			isa = PBXNativeTarget;
			buildConfigurationList = 2D0F23451F15A8630073D8CA /* Build configuration list for PBXNativeTarget "Table4TwoUITests" */;
			buildPhases = (
				2D0F23321F15A8630073D8CA /* Sources */,
				2D0F23331F15A8630073D8CA /* Frameworks */,
				2D0F23341F15A8630073D8CA /* Resources */,
			);
			buildRules = (
			);
			dependencies = (
				2D0F23381F15A8630073D8CA /* PBXTargetDependency */,
			);
			name = Table4TwoUITests;
			productName = Table4TwoUITests;
			productReference = 2D0F23361F15A8630073D8CA /* Table4TwoUITests.xctest */;
			productType = "com.apple.product-type.bundle.ui-testing";
		};
/* End PBXNativeTarget section */

/* Begin PBXProject section */
		2D0F23121F15A8630073D8CA /* Project object */ = {
			isa = PBXProject;
			attributes = {
				LastSwiftUpdateCheck = 0730;
				LastUpgradeCheck = 0730;
				ORGANIZATIONNAME = "Dmitry Ulyanov";
				TargetAttributes = {
					2D0F23191F15A8630073D8CA = {
						CreatedOnToolsVersion = 7.3.1;
					};
					2D0F232A1F15A8630073D8CA = {
						CreatedOnToolsVersion = 7.3.1;
						TestTargetID = 2D0F23191F15A8630073D8CA;
					};
					2D0F23351F15A8630073D8CA = {
						CreatedOnToolsVersion = 7.3.1;
						TestTargetID = 2D0F23191F15A8630073D8CA;
					};
				};
			};
			buildConfigurationList = 2D0F23151F15A8630073D8CA /* Build configuration list for PBXProject "Table4Two" */;
			compatibilityVersion = "Xcode 3.2";
			developmentRegion = English;
			hasScannedForEncodings = 0;
			knownRegions = (
				en,
				Base,
			);
			mainGroup = 2D0F23111F15A8630073D8CA;
			productRefGroup = 2D0F231B1F15A8630073D8CA /* Products */;
			projectDirPath = "";
			projectRoot = "";
			targets = (
				2D0F23191F15A8630073D8CA /* Table4Two */,
				2D0F232A1F15A8630073D8CA /* Table4TwoTests */,
				2D0F23351F15A8630073D8CA /* Table4TwoUITests */,
			);
		};
/* End PBXProject section */

/* Begin PBXResourcesBuildPhase section */
		2D0F23181F15A8630073D8CA /* Resources */ = {
			isa = PBXResourcesBuildPhase;
			buildActionMask = 2147483647;
			files = (
				2D0F23221F15A8630073D8CA /* Assets.xcassets in Resources */,
				2D0F23251F15A8630073D8CA /* Main.storyboard in Resources */,
			);
			runOnlyForDeploymentPostprocessing = 0;
		};
		2D0F23291F15A8630073D8CA /* Resources */ = {
			isa = PBXResourcesBuildPhase;
			buildActionMask = 2147483647;
			files = (
			);
			runOnlyForDeploymentPostprocessing = 0;
		};
		2D0F23341F15A8630073D8CA /* Resources */ = {
			isa = PBXResourcesBuildPhase;
			buildActionMask = 2147483647;
			files = (
			);
			runOnlyForDeploymentPostprocessing = 0;
		};
/* End PBXResourcesBuildPhase section */

/* Begin PBXSourcesBuildPhase section */
		2D0F23161F15A8630073D8CA /* Sources */ = {
			isa = PBXSourcesBuildPhase;
			buildActionMask = 2147483647;
			files = (
				2D0F23201F15A8630073D8CA /* ViewController.swift in Sources */,
				2D0F231E1F15A8630073D8CA /* AppDelegate.swift in Sources */,
			);
			runOnlyForDeploymentPostprocessing = 0;
		};
		2D0F23271F15A8630073D8CA /* Sources */ = {
			isa = PBXSourcesBuildPhase;
			buildActionMask = 2147483647;
			files = (
				2D0F23301F15A8630073D8CA /* Table4TwoTests.swift in Sources */,
			);
			runOnlyForDeploymentPostprocessing = 0;
		};
		2D0F23321F15A8630073D8CA /* Sources */ = {
			isa = PBXSourcesBuildPhase;
			buildActionMask = 2147483647;
			files = (
				2D0F233B1F15A8630073D8CA /* Table4TwoUITests.swift in Sources */,
			);
			runOnlyForDeploymentPostprocessing = 0;
		};
/* End PBXSourcesBuildPhase section */

/* Begin PBXTargetDependency section */
		2D0F232D1F15A8630073D8CA /* PBXTargetDependency */ = {
			isa = PBXTargetDependency;
			target = 2D0F23191F15A8630073D8CA /* Table4Two */;
			targetProxy = 2D0F232C1F15A8630073D8CA /* PBXContainerItemProxy */;
		};
		2D0F23381F15A8630073D8CA /* PBXTargetDependency */ = {
			isa = PBXTargetDependency;
			target = 2D0F23191F15A8630073D8CA /* Table4Two */;
			targetProxy = 2D0F23371F15A8630073D8CA /* PBXContainerItemProxy */;
		};
/* End PBXTargetDependency section */

/* Begin PBXVariantGroup section */
		2D0F23231F15A8630073D8CA /* Main.storyboard */ = {
			isa = PBXVariantGroup;
			children = (
				2D0F23241F15A8630073D8CA /* Base */,
			);
			name = Main.storyboard;
			sourceTree = "<group>";
		};
/* End PBXVariantGroup section */

/* Begin XCBuildConfiguration section */
		2D0F233D1F15A8630073D8CA /* Debug */ = {
			isa = XCBuildConfiguration;
			buildSettings = {
				ALWAYS_SEARCH_USER_PATHS = NO;
				CLANG_ANALYZER_NONNULL = YES;
				CLANG_CXX_LANGUAGE_STANDARD = "gnu++0x";
				CLANG_CXX_LIBRARY = "libc++";
				CLANG_ENABLE_MODULES = YES;
				CLANG_ENABLE_OBJC_ARC = YES;
				CLANG_WARN_BOOL_CONVERSION = YES;
				CLANG_WARN_CONSTANT_CONVERSION = YES;
				CLANG_WARN_DIRECT_OBJC_ISA_USAGE = YES_ERROR;
				CLANG_WARN_EMPTY_BODY = YES;
				CLANG_WARN_ENUM_CONVERSION = YES;
				CLANG_WARN_INT_CONVERSION = YES;
				CLANG_WARN_OBJC_ROOT_CLASS = YES_ERROR;
				CLANG_WARN_UNREACHABLE_CODE = YES;
				CLANG_WARN__DUPLICATE_METHOD_MATCH = YES;
				CODE_SIGN_IDENTITY = "-";
				COPY_PHASE_STRIP = NO;
				DEBUG_INFORMATION_FORMAT = dwarf;
				ENABLE_STRICT_OBJC_MSGSEND = YES;
				ENABLE_TESTABILITY = YES;
				GCC_C_LANGUAGE_STANDARD = gnu99;
				GCC_DYNAMIC_NO_PIC = NO;
				GCC_NO_COMMON_BLOCKS = YES;
				GCC_OPTIMIZATION_LEVEL = 0;
				GCC_PREPROCESSOR_DEFINITIONS = (
					"DEBUG=1",
					"$(inherited)",
				);
				GCC_WARN_64_TO_32_BIT_CONVERSION = YES;
				GCC_WARN_ABOUT_RETURN_TYPE = YES_ERROR;
				GCC_WARN_UNDECLARED_SELECTOR = YES;
				GCC_WARN_UNINITIALIZED_AUTOS = YES_AGGRESSIVE;
				GCC_WARN_UNUSED_FUNCTION = YES;
				GCC_WARN_UNUSED_VARIABLE = YES;
				MACOSX_DEPLOYMENT_TARGET = 10.11;
				MTL_ENABLE_DEBUG_INFO = YES;
				ONLY_ACTIVE_ARCH = YES;
				SDKROOT = macosx;
				SWIFT_OPTIMIZATION_LEVEL = "-Onone";
			};
			name = Debug;
		};
		2D0F233E1F15A8630073D8CA /* Release */ = {
			isa = XCBuildConfiguration;
			buildSettings = {
				ALWAYS_SEARCH_USER_PATHS = NO;
				CLANG_ANALYZER_NONNULL = YES;
				CLANG_CXX_LANGUAGE_STANDARD = "gnu++0x";
				CLANG_CXX_LIBRARY = "libc++";
				CLANG_ENABLE_MODULES = YES;
				CLANG_ENABLE_OBJC_ARC = YES;
				CLANG_WARN_BOOL_CONVERSION = YES;
				CLANG_WARN_CONSTANT_CONVERSION = YES;
				CLANG_WARN_DIRECT_OBJC_ISA_USAGE = YES_ERROR;
				CLANG_WARN_EMPTY_BODY = YES;
				CLANG_WARN_ENUM_CONVERSION = YES;
				CLANG_WARN_INT_CONVERSION = YES;
				CLANG_WARN_OBJC_ROOT_CLASS = YES_ERROR;
				CLANG_WARN_UNREACHABLE_CODE = YES;
				CLANG_WARN__DUPLICATE_METHOD_MATCH = YES;
				CODE_SIGN_IDENTITY = "-";
				COPY_PHASE_STRIP = NO;
				DEBUG_INFORMATION_FORMAT = "dwarf-with-dsym";
				ENABLE_NS_ASSERTIONS = NO;
				ENABLE_STRICT_OBJC_MSGSEND = YES;
				GCC_C_LANGUAGE_STANDARD = gnu99;
				GCC_NO_COMMON_BLOCKS = YES;
				GCC_WARN_64_TO_32_BIT_CONVERSION = YES;
				GCC_WARN_ABOUT_RETURN_TYPE = YES_ERROR;
				GCC_WARN_UNDECLARED_SELECTOR = YES;
				GCC_WARN_UNINITIALIZED_AUTOS = YES_AGGRESSIVE;
				GCC_WARN_UNUSED_FUNCTION = YES;
				GCC_WARN_UNUSED_VARIABLE = YES;
				MACOSX_DEPLOYMENT_TARGET = 10.11;
				MTL_ENABLE_DEBUG_INFO = NO;
				SDKROOT = macosx;
			};
			name = Release;
		};
		2D0F23401F15A8630073D8CA /* Debug */ = {
			isa = XCBuildConfiguration;
			buildSettings = {
				ASSETCATALOG_COMPILER_APPICON_NAME = AppIcon;
				COMBINE_HIDPI_IMAGES = YES;
				INFOPLIST_FILE = Table4Two/Info.plist;
				LD_RUNPATH_SEARCH_PATHS = "$(inherited) @executable_path/../Frameworks";
				PRODUCT_BUNDLE_IDENTIFIER = mellowpixels.Table4Two;
				PRODUCT_NAME = "$(TARGET_NAME)";
			};
			name = Debug;
		};
		2D0F23411F15A8630073D8CA /* Release */ = {
			isa = XCBuildConfiguration;
			buildSettings = {
				ASSETCATALOG_COMPILER_APPICON_NAME = AppIcon;
				COMBINE_HIDPI_IMAGES = YES;
				INFOPLIST_FILE = Table4Two/Info.plist;
				LD_RUNPATH_SEARCH_PATHS = "$(inherited) @executable_path/../Frameworks";
				PRODUCT_BUNDLE_IDENTIFIER = mellowpixels.Table4Two;
				PRODUCT_NAME = "$(TARGET_NAME)";
			};
			name = Release;
		};
		2D0F23431F15A8630073D8CA /* Debug */ = {
			isa = XCBuildConfiguration;
			buildSettings = {
				BUNDLE_LOADER = "$(TEST_HOST)";
				COMBINE_HIDPI_IMAGES = YES;
				INFOPLIST_FILE = Table4TwoTests/Info.plist;
				LD_RUNPATH_SEARCH_PATHS = "$(inherited) @executable_path/../Frameworks @loader_path/../Frameworks";
				PRODUCT_BUNDLE_IDENTIFIER = mellowpixels.Table4TwoTests;
				PRODUCT_NAME = "$(TARGET_NAME)";
				TEST_HOST = "$(BUILT_PRODUCTS_DIR)/Table4Two.app/Contents/MacOS/Table4Two";
			};
			name = Debug;
		};
		2D0F23441F15A8630073D8CA /* Release */ = {
			isa = XCBuildConfiguration;
			buildSettings = {
				BUNDLE_LOADER = "$(TEST_HOST)";
				COMBINE_HIDPI_IMAGES = YES;
				INFOPLIST_FILE = Table4TwoTests/Info.plist;
				LD_RUNPATH_SEARCH_PATHS = "$(inherited) @executable_path/../Frameworks @loader_path/../Frameworks";
				PRODUCT_BUNDLE_IDENTIFIER = mellowpixels.Table4TwoTests;
				PRODUCT_NAME = "$(TARGET_NAME)";
				TEST_HOST = "$(BUILT_PRODUCTS_DIR)/Table4Two.app/Contents/MacOS/Table4Two";
			};
			name = Release;
		};
		2D0F23461F15A8630073D8CA /* Debug */ = {
			isa = XCBuildConfiguration;
			buildSettings = {
				COMBINE_HIDPI_IMAGES = YES;
				INFOPLIST_FILE = Table4TwoUITests/Info.plist;
				LD_RUNPATH_SEARCH_PATHS = "$(inherited) @executable_path/../Frameworks @loader_path/../Frameworks";
				PRODUCT_BUNDLE_IDENTIFIER = mellowpixels.Table4TwoUITests;
				PRODUCT_NAME = "$(TARGET_NAME)";
				TEST_TARGET_NAME = Table4Two;
			};
			name = Debug;
		};
		2D0F23471F15A8630073D8CA /* Release */ = {
			isa = XCBuildConfiguration;
			buildSettings = {
				COMBINE_HIDPI_IMAGES = YES;
				INFOPLIST_FILE = Table4TwoUITests/Info.plist;
				LD_RUNPATH_SEARCH_PATHS = "$(inherited) @executable_path/../Frameworks @loader_path/../Frameworks";
				PRODUCT_BUNDLE_IDENTIFIER = mellowpixels.Table4TwoUITests;
				PRODUCT_NAME = "$(TARGET_NAME)";
				TEST_TARGET_NAME = Table4Two;
			};
			name = Release;
		};
/* End XCBuildConfiguration section */

/* Begin XCConfigurationList section */
		2D0F23151F15A8630073D8CA /* Build configuration list for PBXProject "Table4Two" */ = {
			isa = XCConfigurationList;
			buildConfigurations = (
				2D0F233D1F15A8630073D8CA /* Debug */,
				2D0F233E1F15A8630073D8CA /* Release */,
			);
			defaultConfigurationIsVisible = 0;
			defaultConfigurationName = Release;
		};
		2D0F233F1F15A8630073D8CA /* Build configuration list for PBXNativeTarget "Table4Two" */ = {
			isa = XCConfigurationList;
			buildConfigurations = (
				2D0F23401F15A8630073D8CA /* Debug */,
				2D0F23411F15A8630073D8CA /* Release */,
			);
			defaultConfigurationIsVisible = 0;
		};
		2D0F23421F15A8630073D8CA /* Build configuration list for PBXNativeTarget "Table4TwoTests" */ = {
			isa = XCConfigurationList;
			buildConfigurations = (
				2D0F23431F15A8630073D8CA /* Debug */,
				2D0F23441F15A8630073D8CA /* Release */,
			);
			defaultConfigurationIsVisible = 0;
		};
		2D0F23451F15A8630073D8CA /* Build configuration list for PBXNativeTarget "Table4TwoUITests" */ = {
			isa = XCConfigurationList;
			buildConfigurations = (
				2D0F23461F15A8630073D8CA /* Debug */,
				2D0F23471F15A8630073D8CA /* Release */,
			);
			defaultConfigurationIsVisible = 0;
		};
/* End XCConfigurationList section */
	};
	rootObject = 2D0F23121F15A8630073D8CA /* Project object */;
}
